PODS:
  - CorePlot (2.3)
  - InputBarAccessoryView (5.5.0):
    - InputBarAccessoryView/Core (= 5.5.0)
  - InputBarAccessoryView/Core (5.5.0)
  - Kingfisher (7.5.0)
  - MessageKit (3.8.0):
    - InputBarAccessoryView (~> 5.5.0)

DEPENDENCIES:
  - "CorePlot (from `ssh://git@github.com/Health2Sync/core-plot.git`, branch `main`)"
  - InputBarAccessoryView (~> 5.5.0)
  - Kingfisher (~> 7.0)
  - MessageKit (from `../`)

SPEC REPOS:
  trunk:
    - InputBarAccessoryView
    - Kingfisher

EXTERNAL SOURCES:
  CorePlot:
    :branch: main
    :git: "ssh://git@github.com/Health2Sync/core-plot.git"
  MessageKit:
    :path: "../"

CHECKOUT OPTIONS:
  CorePlot:
    :commit: fbd6fc5b78b936dc27c4cea7b3d21d8883f0f9c2
    :git: "ssh://git@github.com/Health2Sync/core-plot.git"

SPEC CHECKSUMS:
  CorePlot: 6bfe6d30d215beec3cfd18ee43e434620119bc1e
  InputBarAccessoryView: 1d7b0a672b36e370f01f264b3907ef39d03328e3
  Kingfisher: b9c2a4a4af2990a768445c277359b27bde287d71
  MessageKit: cd5df24df7966a5fac9f2c9d49d29d4591e83cb5

PODFILE CHECKSUM: fbfee0881586fb4228a590629bee6c2ea8e32b1b

COCOAPODS: 1.14.3
