PODS:
  - InputBarAccessoryView (5.5.0):
    - InputBarAccessoryView/Core (= 5.5.0)
  - InputBarAccessoryView/Core (5.5.0)
  - Kingfisher (7.5.0)
  - MessageKit (3.8.0):
    - InputBarAccessoryView (~> 5.5.0)

DEPENDENCIES:
  - InputBarAccessoryView (~> 5.5.0)
  - Kingfisher (~> 7.0)
  - MessageKit (from `../`)

SPEC REPOS:
  trunk:
    - InputBarAccessoryView
    - Kingfisher

EXTERNAL SOURCES:
  MessageKit:
    :path: "../"

SPEC CHECKSUMS:
  InputBarAccessoryView: 1d7b0a672b36e370f01f264b3907ef39d03328e3
  Kingfisher: b9c2a4a4af2990a768445c277359b27bde287d71
  MessageKit: cd5df24df7966a5fac9f2c9d49d29d4591e83cb5

PODFILE CHECKSUM: 016d913d92900fdfb6cdd67317fb7ba1cbbc2f6a

COCOAPODS: 1.14.3
